
Microsoft Visual Studio Solution File, Format Version 12.00
# Visual Studio 15
VisualStudioVersion = 15.0.27703.2047
MinimumVisualStudioVersion = 10.0.40219.1
Project("{9A19103F-16F7-4668-BE54-9A1E7A4F7556}") = "TeamRoster.App", "TeamRoster.Console\TeamRoster.App.csproj", "{36A176D1-9936-451F-8614-ADA0A5ABC6D3}"
EndProject
Project("{9A19103F-16F7-4668-BE54-9A1E7A4F7556}") = "TeamRoster.Models", "TeamRoster.Models\TeamRoster.Models.csproj", "{C1E82A82-1C6E-4300-8362-670EE9929B9D}"
EndProject
Project("{9A19103F-16F7-4668-BE54-9A1E7A4F7556}") = "TeamRoster.Services", "TeamRoster.Services\TeamRoster.Services.csproj", "{DF7621D3-1E92-4694-8C6D-B6C90395F8FC}"
EndProject
Project("{FAE04EC0-301F-11D3-BF4B-00C04F79EFBC}") = "CustomAttributeClasses", "CustomAttributeClasses\CustomAttributeClasses.csproj", "{F88533FC-9CFE-4965-9DEC-8E0643E75007}"
EndProject
Global
	GlobalSection(SolutionConfigurationPlatforms) = preSolution
		Debug|Any CPU = Debug|Any CPU
		Release|Any CPU = Release|Any CPU
	EndGlobalSection
	GlobalSection(ProjectConfigurationPlatforms) = postSolution
		{36A176D1-9936-451F-8614-ADA0A5ABC6D3}.Debug|Any CPU.ActiveCfg = Debug|Any CPU
		{36A176D1-9936-451F-8614-ADA0A5ABC6D3}.Debug|Any CPU.Build.0 = Debug|Any CPU
		{36A176D1-9936-451F-8614-ADA0A5ABC6D3}.Release|Any CPU.ActiveCfg = Release|Any CPU
		{36A176D1-9936-451F-8614-ADA0A5ABC6D3}.Release|Any CPU.Build.0 = Release|Any CPU
		{C1E82A82-1C6E-4300-8362-670EE9929B9D}.Debug|Any CPU.ActiveCfg = Debug|Any CPU
		{C1E82A82-1C6E-4300-8362-670EE9929B9D}.Debug|Any CPU.Build.0 = Debug|Any CPU
		{C1E82A82-1C6E-4300-8362-670EE9929B9D}.Release|Any CPU.ActiveCfg = Release|Any CPU
		{C1E82A82-1C6E-4300-8362-670EE9929B9D}.Release|Any CPU.Build.0 = Release|Any CPU
		{DF7621D3-1E92-4694-8C6D-B6C90395F8FC}.Debug|Any CPU.ActiveCfg = Debug|Any CPU
		{DF7621D3-1E92-4694-8C6D-B6C90395F8FC}.Debug|Any CPU.Build.0 = Debug|Any CPU
		{DF7621D3-1E92-4694-8C6D-B6C90395F8FC}.Release|Any CPU.ActiveCfg = Release|Any CPU
		{DF7621D3-1E92-4694-8C6D-B6C90395F8FC}.Release|Any CPU.Build.0 = Release|Any CPU
		{F88533FC-9CFE-4965-9DEC-8E0643E75007}.Debug|Any CPU.ActiveCfg = Debug|Any CPU
		{F88533FC-9CFE-4965-9DEC-8E0643E75007}.Debug|Any CPU.Build.0 = Debug|Any CPU
		{F88533FC-9CFE-4965-9DEC-8E0643E75007}.Release|Any CPU.ActiveCfg = Release|Any CPU
		{F88533FC-9CFE-4965-9DEC-8E0643E75007}.Release|Any CPU.Build.0 = Release|Any CPU
	EndGlobalSection
	GlobalSection(SolutionProperties) = preSolution
		HideSolutionNode = FALSE
	EndGlobalSection
	GlobalSection(ExtensibilityGlobals) = postSolution
		SolutionGuid = {99D12193-18C2-4429-8C84-36D3EB76D7CF}
	EndGlobalSection
EndGlobal
